
Microsoft Visual Studio Solution File, Format Version 12.00
# Visual Studio 15
VisualStudioVersion = 15.0.27703.2018
MinimumVisualStudioVersion = 10.0.40219.1
Project("{9A19103F-16F7-4668-BE54-9A1E7A4F7556}") = "WhatNext.Web", "whatnext.web\WhatNext.Web.csproj", "{9FE7DB65-367B-465E-A1E2-71A152498EB1}"
EndProject
Project("{9A19103F-16F7-4668-BE54-9A1E7A4F7556}") = "WhatNext.Communication.Web", "WhatNext.Communication.Web\WhatNext.Communication.Web.csproj", "{5D68F56C-06AC-4568-9975-FDCFCB0D8570}"
EndProject
Project("{9A19103F-16F7-4668-BE54-9A1E7A4F7556}") = "WhatNext.Communication.Web.Contracts", "WhatNext.Communication.Web.Contracts\WhatNext.Communication.Web.Contracts.csproj", "{38AEBEB8-CD4B-467F-85FD-C375E4F4A8D0}"
EndProject
Project("{9A19103F-16F7-4668-BE54-9A1E7A4F7556}") = "WhatNext.Communication.Web.Spotify", "WhatNext.Communication.Web.Spotify\WhatNext.Communication.Web.Spotify.csproj", "{7146E5E6-1161-4981-971A-53A4A1046401}"
EndProject
Project("{9A19103F-16F7-4668-BE54-9A1E7A4F7556}") = "WhatNext.Communication.Web.Spotify.Contracts", "WhatNext.Communication.Web.Spotify.Contracts\WhatNext.Communication.Web.Spotify.Contracts.csproj", "{A0A0B0D4-52C4-48CF-8AA5-E34F63A03A25}"
EndProject
Project("{FAE04EC0-301F-11D3-BF4B-00C04F79EFBC}") = "WhatNext.Communication.Web.Tests", "WhatNext.Communication.Web.Tests\WhatNext.Communication.Web.Tests.csproj", "{3000CD65-5387-40E3-9B84-85F5B0AC1ECB}"
EndProject
Project("{FAE04EC0-301F-11D3-BF4B-00C04F79EFBC}") = "WhatNext.Communication.Web.Spotify.Tests", "WhatNext.Communication.Web.Spotify.Tests\WhatNext.Communication.Web.Spotify.Tests.csproj", "{3DEA8026-491B-4DE9-81F9-75D1B97A37EC}"
EndProject
Global
	GlobalSection(SolutionConfigurationPlatforms) = preSolution
		Debug|Any CPU = Debug|Any CPU
		Release|Any CPU = Release|Any CPU
	EndGlobalSection
	GlobalSection(ProjectConfigurationPlatforms) = postSolution
		{9FE7DB65-367B-465E-A1E2-71A152498EB1}.Debug|Any CPU.ActiveCfg = Debug|Any CPU
		{9FE7DB65-367B-465E-A1E2-71A152498EB1}.Debug|Any CPU.Build.0 = Debug|Any CPU
		{9FE7DB65-367B-465E-A1E2-71A152498EB1}.Release|Any CPU.ActiveCfg = Release|Any CPU
		{9FE7DB65-367B-465E-A1E2-71A152498EB1}.Release|Any CPU.Build.0 = Release|Any CPU
		{5D68F56C-06AC-4568-9975-FDCFCB0D8570}.Debug|Any CPU.ActiveCfg = Debug|Any CPU
		{5D68F56C-06AC-4568-9975-FDCFCB0D8570}.Debug|Any CPU.Build.0 = Debug|Any CPU
		{5D68F56C-06AC-4568-9975-FDCFCB0D8570}.Release|Any CPU.ActiveCfg = Release|Any CPU
		{5D68F56C-06AC-4568-9975-FDCFCB0D8570}.Release|Any CPU.Build.0 = Release|Any CPU
		{38AEBEB8-CD4B-467F-85FD-C375E4F4A8D0}.Debug|Any CPU.ActiveCfg = Debug|Any CPU
		{38AEBEB8-CD4B-467F-85FD-C375E4F4A8D0}.Debug|Any CPU.Build.0 = Debug|Any CPU
		{38AEBEB8-CD4B-467F-85FD-C375E4F4A8D0}.Release|Any CPU.ActiveCfg = Release|Any CPU
		{38AEBEB8-CD4B-467F-85FD-C375E4F4A8D0}.Release|Any CPU.Build.0 = Release|Any CPU
		{7146E5E6-1161-4981-971A-53A4A1046401}.Debug|Any CPU.ActiveCfg = Debug|Any CPU
		{7146E5E6-1161-4981-971A-53A4A1046401}.Debug|Any CPU.Build.0 = Debug|Any CPU
		{7146E5E6-1161-4981-971A-53A4A1046401}.Release|Any CPU.ActiveCfg = Release|Any CPU
		{7146E5E6-1161-4981-971A-53A4A1046401}.Release|Any CPU.Build.0 = Release|Any CPU
		{A0A0B0D4-52C4-48CF-8AA5-E34F63A03A25}.Debug|Any CPU.ActiveCfg = Debug|Any CPU
		{A0A0B0D4-52C4-48CF-8AA5-E34F63A03A25}.Debug|Any CPU.Build.0 = Debug|Any CPU
		{A0A0B0D4-52C4-48CF-8AA5-E34F63A03A25}.Release|Any CPU.ActiveCfg = Release|Any CPU
		{A0A0B0D4-52C4-48CF-8AA5-E34F63A03A25}.Release|Any CPU.Build.0 = Release|Any CPU
		{3000CD65-5387-40E3-9B84-85F5B0AC1ECB}.Debug|Any CPU.ActiveCfg = Debug|Any CPU
		{3000CD65-5387-40E3-9B84-85F5B0AC1ECB}.Debug|Any CPU.Build.0 = Debug|Any CPU
		{3000CD65-5387-40E3-9B84-85F5B0AC1ECB}.Release|Any CPU.ActiveCfg = Release|Any CPU
		{3000CD65-5387-40E3-9B84-85F5B0AC1ECB}.Release|Any CPU.Build.0 = Release|Any CPU
		{3DEA8026-491B-4DE9-81F9-75D1B97A37EC}.Debug|Any CPU.ActiveCfg = Debug|Any CPU
		{3DEA8026-491B-4DE9-81F9-75D1B97A37EC}.Debug|Any CPU.Build.0 = Debug|Any CPU
		{3DEA8026-491B-4DE9-81F9-75D1B97A37EC}.Release|Any CPU.ActiveCfg = Release|Any CPU
		{3DEA8026-491B-4DE9-81F9-75D1B97A37EC}.Release|Any CPU.Build.0 = Release|Any CPU
	EndGlobalSection
	GlobalSection(SolutionProperties) = preSolution
		HideSolutionNode = FALSE
	EndGlobalSection
	GlobalSection(ExtensibilityGlobals) = postSolution
		SolutionGuid = {97E64B22-0FA0-43E7-B9FC-008BA1C50864}
	EndGlobalSection
EndGlobal
